
Microsoft Visual Studio Solution File, Format Version 12.00
# Visual Studio Version 17
VisualStudioVersion = 17.7.34024.191
MinimumVisualStudioVersion = 10.0.40219.1
Project("{FAE04EC0-301F-11D3-BF4B-00C04F79EFBC}") = "API_Demo1", "API_Demo1\API_Demo1.csproj", "{256BE91F-D557-4D83-83F6-8B93C802FA9F}"
EndProject
Global
	GlobalSection(SolutionConfigurationPlatforms) = preSolution
		Debug|Any CPU = Debug|Any CPU
		Release|Any CPU = Release|Any CPU
	EndGlobalSection
	GlobalSection(ProjectConfigurationPlatforms) = postSolution
		{256BE91F-D557-4D83-83F6-8B93C802FA9F}.Debug|Any CPU.ActiveCfg = Debug|Any CPU
		{256BE91F-D557-4D83-83F6-8B93C802FA9F}.Debug|Any CPU.Build.0 = Debug|Any CPU
		{256BE91F-D557-4D83-83F6-8B93C802FA9F}.Release|Any CPU.ActiveCfg = Release|Any CPU
		{256BE91F-D557-4D83-83F6-8B93C802FA9F}.Release|Any CPU.Build.0 = Release|Any CPU
	EndGlobalSection
	GlobalSection(SolutionProperties) = preSolution
		HideSolutionNode = FALSE
	EndGlobalSection
	GlobalSection(ExtensibilityGlobals) = postSolution
		SolutionGuid = {E91A7262-3DD7-49AC-B06C-717A59435D85}
	EndGlobalSection
EndGlobal
